
Microsoft Visual Studio Solution File, Format Version 12.00
# Visual Studio Version 17
VisualStudioVersion = 17.3.32922.545
MinimumVisualStudioVersion = 10.0.40219.1
Project("{9A19103F-16F7-4668-BE54-9A1E7A4F7556}") = "ModelEditor", "ModelEditor\ModelEditor.csproj", "{35ACDAEA-D87F-42BA-A74F-F3846BEA148F}"
EndProject
Project("{9A19103F-16F7-4668-BE54-9A1E7A4F7556}") = "VoxelPrototype", "VoxelPrototype\VoxelPrototype.csproj", "{FA18FA39-6DB4-442F-A5CB-B0FB639AB713}"
EndProject
Project("{9A19103F-16F7-4668-BE54-9A1E7A4F7556}") = "VBFViewer", "VBFViewer\VBFViewer.csproj", "{CD235906-613B-43FE-A9B3-1E1031C4249E}"
EndProject
Project("{9A19103F-16F7-4668-BE54-9A1E7A4F7556}") = "Client", "Client\Client.csproj", "{EAE48AE7-BC25-434D-AFB1-9DDAE5FF3AC0}"
EndProject
Project("{9A19103F-16F7-4668-BE54-9A1E7A4F7556}") = "Server", "Server\Server.csproj", "{1344A46E-B5FB-4453-A38E-CD9F19494FFC}"
EndProject
Project("{9A19103F-16F7-4668-BE54-9A1E7A4F7556}") = "Build", "build\Build.csproj", "{0D187F73-E75F-470A-9BC0-9E6B2B0C9369}"
EndProject
Project("{9A19103F-16F7-4668-BE54-9A1E7A4F7556}") = "VoxelPrototype.client", "VoxelPrototype.client\VoxelPrototype.client.csproj", "{257B7206-9307-47A0-A798-E534D98DC5F0}"
EndProject
Project("{9A19103F-16F7-4668-BE54-9A1E7A4F7556}") = "ImGui.NET", "ImGui.NET\src\ImGui.NET\ImGui.NET.csproj", "{0187E38C-89CD-463A-A156-80329C651824}"
EndProject
Project("{2150E333-8FDC-42A3-9474-1A3956D46DE8}") = "prototype", "prototype", "{E4309A7C-9D3B-4464-88D4-A5166FA875D6}"
EndProject
Project("{2150E333-8FDC-42A3-9474-1A3956D46DE8}") = "extlib", "extlib", "{D58AB631-9A9D-4025-9FCE-8964379ACF41}"
EndProject
Project("{2150E333-8FDC-42A3-9474-1A3956D46DE8}") = "intlib", "intlib", "{98F6CAF4-189D-4A6F-A59F-7BC4B3379B7B}"
EndProject
Project("{2150E333-8FDC-42A3-9474-1A3956D46DE8}") = "tools", "tools", "{020ED6DC-E6F8-4A72-ACF0-A6FF93A556B3}"
EndProject
Project("{9A19103F-16F7-4668-BE54-9A1E7A4F7556}") = "ImmediateUI", "ImmediateUI\ImmediateUI.csproj", "{AE3859AD-BFF9-408D-B4D1-B37B8200EF62}"
EndProject
Project("{9A19103F-16F7-4668-BE54-9A1E7A4F7556}") = "Test", "Test\Test.csproj", "{76DA6709-7B18-4B6B-8700-6CFD41F8DB31}"
EndProject
Global
	GlobalSection(SolutionConfigurationPlatforms) = preSolution
		Debug|Any CPU = Debug|Any CPU
		Debug|x64 = Debug|x64
		Debug|x86 = Debug|x86
		Profile|Any CPU = Profile|Any CPU
		Profile|x64 = Profile|x64
		Profile|x86 = Profile|x86
		Release|Any CPU = Release|Any CPU
		Release|x64 = Release|x64
		Release|x86 = Release|x86
		Releases|Any CPU = Releases|Any CPU
		Releases|x64 = Releases|x64
		Releases|x86 = Releases|x86
	EndGlobalSection
	GlobalSection(ProjectConfigurationPlatforms) = postSolution
		{35ACDAEA-D87F-42BA-A74F-F3846BEA148F}.Debug|Any CPU.ActiveCfg = Debug|Any CPU
		{35ACDAEA-D87F-42BA-A74F-F3846BEA148F}.Debug|Any CPU.Build.0 = Debug|Any CPU
		{35ACDAEA-D87F-42BA-A74F-F3846BEA148F}.Debug|x64.ActiveCfg = Debug|Any CPU
		{35ACDAEA-D87F-42BA-A74F-F3846BEA148F}.Debug|x64.Build.0 = Debug|Any CPU
		{35ACDAEA-D87F-42BA-A74F-F3846BEA148F}.Debug|x86.ActiveCfg = Debug|Any CPU
		{35ACDAEA-D87F-42BA-A74F-F3846BEA148F}.Debug|x86.Build.0 = Debug|Any CPU
		{35ACDAEA-D87F-42BA-A74F-F3846BEA148F}.Profile|Any CPU.ActiveCfg = Profile|Any CPU
		{35ACDAEA-D87F-42BA-A74F-F3846BEA148F}.Profile|Any CPU.Build.0 = Profile|Any CPU
		{35ACDAEA-D87F-42BA-A74F-F3846BEA148F}.Profile|x64.ActiveCfg = Profile|Any CPU
		{35ACDAEA-D87F-42BA-A74F-F3846BEA148F}.Profile|x64.Build.0 = Profile|Any CPU
		{35ACDAEA-D87F-42BA-A74F-F3846BEA148F}.Profile|x86.ActiveCfg = Profile|Any CPU
		{35ACDAEA-D87F-42BA-A74F-F3846BEA148F}.Profile|x86.Build.0 = Profile|Any CPU
		{35ACDAEA-D87F-42BA-A74F-F3846BEA148F}.Release|Any CPU.ActiveCfg = Release|Any CPU
		{35ACDAEA-D87F-42BA-A74F-F3846BEA148F}.Release|Any CPU.Build.0 = Release|Any CPU
		{35ACDAEA-D87F-42BA-A74F-F3846BEA148F}.Release|x64.ActiveCfg = Release|Any CPU
		{35ACDAEA-D87F-42BA-A74F-F3846BEA148F}.Release|x64.Build.0 = Release|Any CPU
		{35ACDAEA-D87F-42BA-A74F-F3846BEA148F}.Release|x86.ActiveCfg = Release|Any CPU
		{35ACDAEA-D87F-42BA-A74F-F3846BEA148F}.Release|x86.Build.0 = Release|Any CPU
		{35ACDAEA-D87F-42BA-A74F-F3846BEA148F}.Releases|Any CPU.ActiveCfg = Releases|Any CPU
		{35ACDAEA-D87F-42BA-A74F-F3846BEA148F}.Releases|Any CPU.Build.0 = Releases|Any CPU
		{35ACDAEA-D87F-42BA-A74F-F3846BEA148F}.Releases|x64.ActiveCfg = Releases|Any CPU
		{35ACDAEA-D87F-42BA-A74F-F3846BEA148F}.Releases|x64.Build.0 = Releases|Any CPU
		{35ACDAEA-D87F-42BA-A74F-F3846BEA148F}.Releases|x86.ActiveCfg = Releases|Any CPU
		{35ACDAEA-D87F-42BA-A74F-F3846BEA148F}.Releases|x86.Build.0 = Releases|Any CPU
		{FA18FA39-6DB4-442F-A5CB-B0FB639AB713}.Debug|Any CPU.ActiveCfg = Debug|Any CPU
		{FA18FA39-6DB4-442F-A5CB-B0FB639AB713}.Debug|Any CPU.Build.0 = Debug|Any CPU
		{FA18FA39-6DB4-442F-A5CB-B0FB639AB713}.Debug|x64.ActiveCfg = Debug|x64
		{FA18FA39-6DB4-442F-A5CB-B0FB639AB713}.Debug|x64.Build.0 = Debug|x64
		{FA18FA39-6DB4-442F-A5CB-B0FB639AB713}.Debug|x86.ActiveCfg = Debug|Any CPU
		{FA18FA39-6DB4-442F-A5CB-B0FB639AB713}.Debug|x86.Build.0 = Debug|Any CPU
		{FA18FA39-6DB4-442F-A5CB-B0FB639AB713}.Profile|Any CPU.ActiveCfg = Release|Any CPU
		{FA18FA39-6DB4-442F-A5CB-B0FB639AB713}.Profile|Any CPU.Build.0 = Release|Any CPU
		{FA18FA39-6DB4-442F-A5CB-B0FB639AB713}.Profile|x64.ActiveCfg = Release|x64
		{FA18FA39-6DB4-442F-A5CB-B0FB639AB713}.Profile|x64.Build.0 = Release|x64
		{FA18FA39-6DB4-442F-A5CB-B0FB639AB713}.Profile|x86.ActiveCfg = Release|Any CPU
		{FA18FA39-6DB4-442F-A5CB-B0FB639AB713}.Profile|x86.Build.0 = Release|Any CPU
		{FA18FA39-6DB4-442F-A5CB-B0FB639AB713}.Release|Any CPU.ActiveCfg = Release|Any CPU
		{FA18FA39-6DB4-442F-A5CB-B0FB639AB713}.Release|Any CPU.Build.0 = Release|Any CPU
		{FA18FA39-6DB4-442F-A5CB-B0FB639AB713}.Release|x64.ActiveCfg = Release|x64
		{FA18FA39-6DB4-442F-A5CB-B0FB639AB713}.Release|x64.Build.0 = Release|x64
		{FA18FA39-6DB4-442F-A5CB-B0FB639AB713}.Release|x86.ActiveCfg = Release|Any CPU
		{FA18FA39-6DB4-442F-A5CB-B0FB639AB713}.Release|x86.Build.0 = Release|Any CPU
		{FA18FA39-6DB4-442F-A5CB-B0FB639AB713}.Releases|Any CPU.ActiveCfg = Release|Any CPU
		{FA18FA39-6DB4-442F-A5CB-B0FB639AB713}.Releases|Any CPU.Build.0 = Release|Any CPU
		{FA18FA39-6DB4-442F-A5CB-B0FB639AB713}.Releases|x64.ActiveCfg = Release|x64
		{FA18FA39-6DB4-442F-A5CB-B0FB639AB713}.Releases|x64.Build.0 = Release|x64
		{FA18FA39-6DB4-442F-A5CB-B0FB639AB713}.Releases|x86.ActiveCfg = Release|Any CPU
		{FA18FA39-6DB4-442F-A5CB-B0FB639AB713}.Releases|x86.Build.0 = Release|Any CPU
		{CD235906-613B-43FE-A9B3-1E1031C4249E}.Debug|Any CPU.ActiveCfg = Debug|Any CPU
		{CD235906-613B-43FE-A9B3-1E1031C4249E}.Debug|Any CPU.Build.0 = Debug|Any CPU
		{CD235906-613B-43FE-A9B3-1E1031C4249E}.Debug|x64.ActiveCfg = Debug|Any CPU
		{CD235906-613B-43FE-A9B3-1E1031C4249E}.Debug|x64.Build.0 = Debug|Any CPU
		{CD235906-613B-43FE-A9B3-1E1031C4249E}.Debug|x86.ActiveCfg = Debug|Any CPU
		{CD235906-613B-43FE-A9B3-1E1031C4249E}.Debug|x86.Build.0 = Debug|Any CPU
		{CD235906-613B-43FE-A9B3-1E1031C4249E}.Profile|Any CPU.ActiveCfg = Profile|Any CPU
		{CD235906-613B-43FE-A9B3-1E1031C4249E}.Profile|Any CPU.Build.0 = Profile|Any CPU
		{CD235906-613B-43FE-A9B3-1E1031C4249E}.Profile|x64.ActiveCfg = Profile|Any CPU
		{CD235906-613B-43FE-A9B3-1E1031C4249E}.Profile|x64.Build.0 = Profile|Any CPU
		{CD235906-613B-43FE-A9B3-1E1031C4249E}.Profile|x86.ActiveCfg = Profile|Any CPU
		{CD235906-613B-43FE-A9B3-1E1031C4249E}.Profile|x86.Build.0 = Profile|Any CPU
		{CD235906-613B-43FE-A9B3-1E1031C4249E}.Release|Any CPU.ActiveCfg = Release|Any CPU
		{CD235906-613B-43FE-A9B3-1E1031C4249E}.Release|Any CPU.Build.0 = Release|Any CPU
		{CD235906-613B-43FE-A9B3-1E1031C4249E}.Release|x64.ActiveCfg = Release|Any CPU
		{CD235906-613B-43FE-A9B3-1E1031C4249E}.Release|x64.Build.0 = Release|Any CPU
		{CD235906-613B-43FE-A9B3-1E1031C4249E}.Release|x86.ActiveCfg = Release|Any CPU
		{CD235906-613B-43FE-A9B3-1E1031C4249E}.Release|x86.Build.0 = Release|Any CPU
		{CD235906-613B-43FE-A9B3-1E1031C4249E}.Releases|Any CPU.ActiveCfg = Release|Any CPU
		{CD235906-613B-43FE-A9B3-1E1031C4249E}.Releases|Any CPU.Build.0 = Release|Any CPU
		{CD235906-613B-43FE-A9B3-1E1031C4249E}.Releases|x64.ActiveCfg = Release|Any CPU
		{CD235906-613B-43FE-A9B3-1E1031C4249E}.Releases|x64.Build.0 = Release|Any CPU
		{CD235906-613B-43FE-A9B3-1E1031C4249E}.Releases|x86.ActiveCfg = Release|Any CPU
		{CD235906-613B-43FE-A9B3-1E1031C4249E}.Releases|x86.Build.0 = Release|Any CPU
		{EAE48AE7-BC25-434D-AFB1-9DDAE5FF3AC0}.Debug|Any CPU.ActiveCfg = Debug|Any CPU
		{EAE48AE7-BC25-434D-AFB1-9DDAE5FF3AC0}.Debug|Any CPU.Build.0 = Debug|Any CPU
		{EAE48AE7-BC25-434D-AFB1-9DDAE5FF3AC0}.Debug|x64.ActiveCfg = Debug|Any CPU
		{EAE48AE7-BC25-434D-AFB1-9DDAE5FF3AC0}.Debug|x64.Build.0 = Debug|Any CPU
		{EAE48AE7-BC25-434D-AFB1-9DDAE5FF3AC0}.Debug|x86.ActiveCfg = Debug|Any CPU
		{EAE48AE7-BC25-434D-AFB1-9DDAE5FF3AC0}.Debug|x86.Build.0 = Debug|Any CPU
		{EAE48AE7-BC25-434D-AFB1-9DDAE5FF3AC0}.Profile|Any CPU.ActiveCfg = Release|Any CPU
		{EAE48AE7-BC25-434D-AFB1-9DDAE5FF3AC0}.Profile|Any CPU.Build.0 = Release|Any CPU
		{EAE48AE7-BC25-434D-AFB1-9DDAE5FF3AC0}.Profile|x64.ActiveCfg = Release|Any CPU
		{EAE48AE7-BC25-434D-AFB1-9DDAE5FF3AC0}.Profile|x64.Build.0 = Release|Any CPU
		{EAE48AE7-BC25-434D-AFB1-9DDAE5FF3AC0}.Profile|x86.ActiveCfg = Release|Any CPU
		{EAE48AE7-BC25-434D-AFB1-9DDAE5FF3AC0}.Profile|x86.Build.0 = Release|Any CPU
		{EAE48AE7-BC25-434D-AFB1-9DDAE5FF3AC0}.Release|Any CPU.ActiveCfg = Release|Any CPU
		{EAE48AE7-BC25-434D-AFB1-9DDAE5FF3AC0}.Release|Any CPU.Build.0 = Release|Any CPU
		{EAE48AE7-BC25-434D-AFB1-9DDAE5FF3AC0}.Release|x64.ActiveCfg = Release|Any CPU
		{EAE48AE7-BC25-434D-AFB1-9DDAE5FF3AC0}.Release|x64.Build.0 = Release|Any CPU
		{EAE48AE7-BC25-434D-AFB1-9DDAE5FF3AC0}.Release|x86.ActiveCfg = Release|Any CPU
		{EAE48AE7-BC25-434D-AFB1-9DDAE5FF3AC0}.Release|x86.Build.0 = Release|Any CPU
		{EAE48AE7-BC25-434D-AFB1-9DDAE5FF3AC0}.Releases|Any CPU.ActiveCfg = Release|Any CPU
		{EAE48AE7-BC25-434D-AFB1-9DDAE5FF3AC0}.Releases|Any CPU.Build.0 = Release|Any CPU
		{EAE48AE7-BC25-434D-AFB1-9DDAE5FF3AC0}.Releases|x64.ActiveCfg = Release|Any CPU
		{EAE48AE7-BC25-434D-AFB1-9DDAE5FF3AC0}.Releases|x64.Build.0 = Release|Any CPU
		{EAE48AE7-BC25-434D-AFB1-9DDAE5FF3AC0}.Releases|x86.ActiveCfg = Release|Any CPU
		{EAE48AE7-BC25-434D-AFB1-9DDAE5FF3AC0}.Releases|x86.Build.0 = Release|Any CPU
		{1344A46E-B5FB-4453-A38E-CD9F19494FFC}.Debug|Any CPU.ActiveCfg = Debug|Any CPU
		{1344A46E-B5FB-4453-A38E-CD9F19494FFC}.Debug|Any CPU.Build.0 = Debug|Any CPU
		{1344A46E-B5FB-4453-A38E-CD9F19494FFC}.Debug|x64.ActiveCfg = Debug|x64
		{1344A46E-B5FB-4453-A38E-CD9F19494FFC}.Debug|x64.Build.0 = Debug|x64
		{1344A46E-B5FB-4453-A38E-CD9F19494FFC}.Debug|x86.ActiveCfg = Debug|Any CPU
		{1344A46E-B5FB-4453-A38E-CD9F19494FFC}.Debug|x86.Build.0 = Debug|Any CPU
		{1344A46E-B5FB-4453-A38E-CD9F19494FFC}.Profile|Any CPU.ActiveCfg = Release|Any CPU
		{1344A46E-B5FB-4453-A38E-CD9F19494FFC}.Profile|Any CPU.Build.0 = Release|Any CPU
		{1344A46E-B5FB-4453-A38E-CD9F19494FFC}.Profile|x64.ActiveCfg = Release|x64
		{1344A46E-B5FB-4453-A38E-CD9F19494FFC}.Profile|x64.Build.0 = Release|x64
		{1344A46E-B5FB-4453-A38E-CD9F19494FFC}.Profile|x86.ActiveCfg = Release|Any CPU
		{1344A46E-B5FB-4453-A38E-CD9F19494FFC}.Profile|x86.Build.0 = Release|Any CPU
		{1344A46E-B5FB-4453-A38E-CD9F19494FFC}.Release|Any CPU.ActiveCfg = Release|Any CPU
		{1344A46E-B5FB-4453-A38E-CD9F19494FFC}.Release|Any CPU.Build.0 = Release|Any CPU
		{1344A46E-B5FB-4453-A38E-CD9F19494FFC}.Release|x64.ActiveCfg = Release|x64
		{1344A46E-B5FB-4453-A38E-CD9F19494FFC}.Release|x64.Build.0 = Release|x64
		{1344A46E-B5FB-4453-A38E-CD9F19494FFC}.Release|x86.ActiveCfg = Release|Any CPU
		{1344A46E-B5FB-4453-A38E-CD9F19494FFC}.Release|x86.Build.0 = Release|Any CPU
		{1344A46E-B5FB-4453-A38E-CD9F19494FFC}.Releases|Any CPU.ActiveCfg = Release|Any CPU
		{1344A46E-B5FB-4453-A38E-CD9F19494FFC}.Releases|Any CPU.Build.0 = Release|Any CPU
		{1344A46E-B5FB-4453-A38E-CD9F19494FFC}.Releases|x64.ActiveCfg = Release|x64
		{1344A46E-B5FB-4453-A38E-CD9F19494FFC}.Releases|x64.Build.0 = Release|x64
		{1344A46E-B5FB-4453-A38E-CD9F19494FFC}.Releases|x86.ActiveCfg = Release|Any CPU
		{1344A46E-B5FB-4453-A38E-CD9F19494FFC}.Releases|x86.Build.0 = Release|Any CPU
		{0D187F73-E75F-470A-9BC0-9E6B2B0C9369}.Debug|Any CPU.ActiveCfg = Debug|Any CPU
		{0D187F73-E75F-470A-9BC0-9E6B2B0C9369}.Debug|Any CPU.Build.0 = Debug|Any CPU
		{0D187F73-E75F-470A-9BC0-9E6B2B0C9369}.Debug|x64.ActiveCfg = Debug|Any CPU
		{0D187F73-E75F-470A-9BC0-9E6B2B0C9369}.Debug|x64.Build.0 = Debug|Any CPU
		{0D187F73-E75F-470A-9BC0-9E6B2B0C9369}.Debug|x86.ActiveCfg = Debug|Any CPU
		{0D187F73-E75F-470A-9BC0-9E6B2B0C9369}.Debug|x86.Build.0 = Debug|Any CPU
		{0D187F73-E75F-470A-9BC0-9E6B2B0C9369}.Profile|Any CPU.ActiveCfg = Profile|Any CPU
		{0D187F73-E75F-470A-9BC0-9E6B2B0C9369}.Profile|Any CPU.Build.0 = Profile|Any CPU
		{0D187F73-E75F-470A-9BC0-9E6B2B0C9369}.Profile|x64.ActiveCfg = Profile|Any CPU
		{0D187F73-E75F-470A-9BC0-9E6B2B0C9369}.Profile|x64.Build.0 = Profile|Any CPU
		{0D187F73-E75F-470A-9BC0-9E6B2B0C9369}.Profile|x86.ActiveCfg = Profile|Any CPU
		{0D187F73-E75F-470A-9BC0-9E6B2B0C9369}.Profile|x86.Build.0 = Profile|Any CPU
		{0D187F73-E75F-470A-9BC0-9E6B2B0C9369}.Release|Any CPU.ActiveCfg = Release|Any CPU
		{0D187F73-E75F-470A-9BC0-9E6B2B0C9369}.Release|Any CPU.Build.0 = Release|Any CPU
		{0D187F73-E75F-470A-9BC0-9E6B2B0C9369}.Release|x64.ActiveCfg = Release|Any CPU
		{0D187F73-E75F-470A-9BC0-9E6B2B0C9369}.Release|x64.Build.0 = Release|Any CPU
		{0D187F73-E75F-470A-9BC0-9E6B2B0C9369}.Release|x86.ActiveCfg = Release|Any CPU
		{0D187F73-E75F-470A-9BC0-9E6B2B0C9369}.Release|x86.Build.0 = Release|Any CPU
		{0D187F73-E75F-470A-9BC0-9E6B2B0C9369}.Releases|Any CPU.ActiveCfg = Release|Any CPU
		{0D187F73-E75F-470A-9BC0-9E6B2B0C9369}.Releases|Any CPU.Build.0 = Release|Any CPU
		{0D187F73-E75F-470A-9BC0-9E6B2B0C9369}.Releases|x64.ActiveCfg = Release|Any CPU
		{0D187F73-E75F-470A-9BC0-9E6B2B0C9369}.Releases|x64.Build.0 = Release|Any CPU
		{0D187F73-E75F-470A-9BC0-9E6B2B0C9369}.Releases|x86.ActiveCfg = Release|Any CPU
		{0D187F73-E75F-470A-9BC0-9E6B2B0C9369}.Releases|x86.Build.0 = Release|Any CPU
		{257B7206-9307-47A0-A798-E534D98DC5F0}.Debug|Any CPU.ActiveCfg = Debug|Any CPU
		{257B7206-9307-47A0-A798-E534D98DC5F0}.Debug|Any CPU.Build.0 = Debug|Any CPU
		{257B7206-9307-47A0-A798-E534D98DC5F0}.Debug|x64.ActiveCfg = Debug|Any CPU
		{257B7206-9307-47A0-A798-E534D98DC5F0}.Debug|x64.Build.0 = Debug|Any CPU
		{257B7206-9307-47A0-A798-E534D98DC5F0}.Debug|x86.ActiveCfg = Debug|Any CPU
		{257B7206-9307-47A0-A798-E534D98DC5F0}.Debug|x86.Build.0 = Debug|Any CPU
		{257B7206-9307-47A0-A798-E534D98DC5F0}.Profile|Any CPU.ActiveCfg = Release|Any CPU
		{257B7206-9307-47A0-A798-E534D98DC5F0}.Profile|Any CPU.Build.0 = Release|Any CPU
		{257B7206-9307-47A0-A798-E534D98DC5F0}.Profile|x64.ActiveCfg = Release|Any CPU
		{257B7206-9307-47A0-A798-E534D98DC5F0}.Profile|x64.Build.0 = Release|Any CPU
		{257B7206-9307-47A0-A798-E534D98DC5F0}.Profile|x86.ActiveCfg = Release|Any CPU
		{257B7206-9307-47A0-A798-E534D98DC5F0}.Profile|x86.Build.0 = Release|Any CPU
		{257B7206-9307-47A0-A798-E534D98DC5F0}.Release|Any CPU.ActiveCfg = Release|Any CPU
		{257B7206-9307-47A0-A798-E534D98DC5F0}.Release|Any CPU.Build.0 = Release|Any CPU
		{257B7206-9307-47A0-A798-E534D98DC5F0}.Release|x64.ActiveCfg = Release|Any CPU
		{257B7206-9307-47A0-A798-E534D98DC5F0}.Release|x64.Build.0 = Release|Any CPU
		{257B7206-9307-47A0-A798-E534D98DC5F0}.Release|x86.ActiveCfg = Release|Any CPU
		{257B7206-9307-47A0-A798-E534D98DC5F0}.Release|x86.Build.0 = Release|Any CPU
		{257B7206-9307-47A0-A798-E534D98DC5F0}.Releases|Any CPU.ActiveCfg = Release|Any CPU
		{257B7206-9307-47A0-A798-E534D98DC5F0}.Releases|Any CPU.Build.0 = Release|Any CPU
		{257B7206-9307-47A0-A798-E534D98DC5F0}.Releases|x64.ActiveCfg = Release|Any CPU
		{257B7206-9307-47A0-A798-E534D98DC5F0}.Releases|x64.Build.0 = Release|Any CPU
		{257B7206-9307-47A0-A798-E534D98DC5F0}.Releases|x86.ActiveCfg = Release|Any CPU
		{257B7206-9307-47A0-A798-E534D98DC5F0}.Releases|x86.Build.0 = Release|Any CPU
		{0187E38C-89CD-463A-A156-80329C651824}.Debug|Any CPU.ActiveCfg = Debug|Any CPU
		{0187E38C-89CD-463A-A156-80329C651824}.Debug|Any CPU.Build.0 = Debug|Any CPU
		{0187E38C-89CD-463A-A156-80329C651824}.Debug|x64.ActiveCfg = Debug|Any CPU
		{0187E38C-89CD-463A-A156-80329C651824}.Debug|x64.Build.0 = Debug|Any CPU
		{0187E38C-89CD-463A-A156-80329C651824}.Debug|x86.ActiveCfg = Debug|Any CPU
		{0187E38C-89CD-463A-A156-80329C651824}.Debug|x86.Build.0 = Debug|Any CPU
		{0187E38C-89CD-463A-A156-80329C651824}.Profile|Any CPU.ActiveCfg = Debug|Any CPU
		{0187E38C-89CD-463A-A156-80329C651824}.Profile|Any CPU.Build.0 = Debug|Any CPU
		{0187E38C-89CD-463A-A156-80329C651824}.Profile|x64.ActiveCfg = Debug|Any CPU
		{0187E38C-89CD-463A-A156-80329C651824}.Profile|x64.Build.0 = Debug|Any CPU
		{0187E38C-89CD-463A-A156-80329C651824}.Profile|x86.ActiveCfg = Debug|Any CPU
		{0187E38C-89CD-463A-A156-80329C651824}.Profile|x86.Build.0 = Debug|Any CPU
		{0187E38C-89CD-463A-A156-80329C651824}.Release|Any CPU.ActiveCfg = Release|Any CPU
		{0187E38C-89CD-463A-A156-80329C651824}.Release|Any CPU.Build.0 = Release|Any CPU
		{0187E38C-89CD-463A-A156-80329C651824}.Release|x64.ActiveCfg = Release|Any CPU
		{0187E38C-89CD-463A-A156-80329C651824}.Release|x64.Build.0 = Release|Any CPU
		{0187E38C-89CD-463A-A156-80329C651824}.Release|x86.ActiveCfg = Release|Any CPU
		{0187E38C-89CD-463A-A156-80329C651824}.Release|x86.Build.0 = Release|Any CPU
		{0187E38C-89CD-463A-A156-80329C651824}.Releases|Any CPU.ActiveCfg = Release|Any CPU
		{0187E38C-89CD-463A-A156-80329C651824}.Releases|Any CPU.Build.0 = Release|Any CPU
		{0187E38C-89CD-463A-A156-80329C651824}.Releases|x64.ActiveCfg = Release|Any CPU
		{0187E38C-89CD-463A-A156-80329C651824}.Releases|x64.Build.0 = Release|Any CPU
		{0187E38C-89CD-463A-A156-80329C651824}.Releases|x86.ActiveCfg = Release|Any CPU
		{0187E38C-89CD-463A-A156-80329C651824}.Releases|x86.Build.0 = Release|Any CPU
		{AE3859AD-BFF9-408D-B4D1-B37B8200EF62}.Debug|Any CPU.ActiveCfg = Debug|Any CPU
		{AE3859AD-BFF9-408D-B4D1-B37B8200EF62}.Debug|Any CPU.Build.0 = Debug|Any CPU
		{AE3859AD-BFF9-408D-B4D1-B37B8200EF62}.Debug|x64.ActiveCfg = Debug|Any CPU
		{AE3859AD-BFF9-408D-B4D1-B37B8200EF62}.Debug|x64.Build.0 = Debug|Any CPU
		{AE3859AD-BFF9-408D-B4D1-B37B8200EF62}.Debug|x86.ActiveCfg = Debug|Any CPU
		{AE3859AD-BFF9-408D-B4D1-B37B8200EF62}.Debug|x86.Build.0 = Debug|Any CPU
		{AE3859AD-BFF9-408D-B4D1-B37B8200EF62}.Profile|Any CPU.ActiveCfg = Debug|Any CPU
		{AE3859AD-BFF9-408D-B4D1-B37B8200EF62}.Profile|Any CPU.Build.0 = Debug|Any CPU
		{AE3859AD-BFF9-408D-B4D1-B37B8200EF62}.Profile|x64.ActiveCfg = Debug|Any CPU
		{AE3859AD-BFF9-408D-B4D1-B37B8200EF62}.Profile|x64.Build.0 = Debug|Any CPU
		{AE3859AD-BFF9-408D-B4D1-B37B8200EF62}.Profile|x86.ActiveCfg = Debug|Any CPU
		{AE3859AD-BFF9-408D-B4D1-B37B8200EF62}.Profile|x86.Build.0 = Debug|Any CPU
		{AE3859AD-BFF9-408D-B4D1-B37B8200EF62}.Release|Any CPU.ActiveCfg = Release|Any CPU
		{AE3859AD-BFF9-408D-B4D1-B37B8200EF62}.Release|Any CPU.Build.0 = Release|Any CPU
		{AE3859AD-BFF9-408D-B4D1-B37B8200EF62}.Release|x64.ActiveCfg = Release|Any CPU
		{AE3859AD-BFF9-408D-B4D1-B37B8200EF62}.Release|x64.Build.0 = Release|Any CPU
		{AE3859AD-BFF9-408D-B4D1-B37B8200EF62}.Release|x86.ActiveCfg = Release|Any CPU
		{AE3859AD-BFF9-408D-B4D1-B37B8200EF62}.Release|x86.Build.0 = Release|Any CPU
		{AE3859AD-BFF9-408D-B4D1-B37B8200EF62}.Releases|Any CPU.ActiveCfg = Release|Any CPU
		{AE3859AD-BFF9-408D-B4D1-B37B8200EF62}.Releases|Any CPU.Build.0 = Release|Any CPU
		{AE3859AD-BFF9-408D-B4D1-B37B8200EF62}.Releases|x64.ActiveCfg = Release|Any CPU
		{AE3859AD-BFF9-408D-B4D1-B37B8200EF62}.Releases|x64.Build.0 = Release|Any CPU
		{AE3859AD-BFF9-408D-B4D1-B37B8200EF62}.Releases|x86.ActiveCfg = Release|Any CPU
		{AE3859AD-BFF9-408D-B4D1-B37B8200EF62}.Releases|x86.Build.0 = Release|Any CPU
		{76DA6709-7B18-4B6B-8700-6CFD41F8DB31}.Debug|Any CPU.ActiveCfg = Debug|Any CPU
		{76DA6709-7B18-4B6B-8700-6CFD41F8DB31}.Debug|Any CPU.Build.0 = Debug|Any CPU
		{76DA6709-7B18-4B6B-8700-6CFD41F8DB31}.Debug|x64.ActiveCfg = Debug|Any CPU
		{76DA6709-7B18-4B6B-8700-6CFD41F8DB31}.Debug|x64.Build.0 = Debug|Any CPU
		{76DA6709-7B18-4B6B-8700-6CFD41F8DB31}.Debug|x86.ActiveCfg = Debug|Any CPU
		{76DA6709-7B18-4B6B-8700-6CFD41F8DB31}.Debug|x86.Build.0 = Debug|Any CPU
		{76DA6709-7B18-4B6B-8700-6CFD41F8DB31}.Profile|Any CPU.ActiveCfg = Debug|Any CPU
		{76DA6709-7B18-4B6B-8700-6CFD41F8DB31}.Profile|Any CPU.Build.0 = Debug|Any CPU
		{76DA6709-7B18-4B6B-8700-6CFD41F8DB31}.Profile|x64.ActiveCfg = Debug|Any CPU
		{76DA6709-7B18-4B6B-8700-6CFD41F8DB31}.Profile|x64.Build.0 = Debug|Any CPU
		{76DA6709-7B18-4B6B-8700-6CFD41F8DB31}.Profile|x86.ActiveCfg = Debug|Any CPU
		{76DA6709-7B18-4B6B-8700-6CFD41F8DB31}.Profile|x86.Build.0 = Debug|Any CPU
		{76DA6709-7B18-4B6B-8700-6CFD41F8DB31}.Release|Any CPU.ActiveCfg = Release|Any CPU
		{76DA6709-7B18-4B6B-8700-6CFD41F8DB31}.Release|Any CPU.Build.0 = Release|Any CPU
		{76DA6709-7B18-4B6B-8700-6CFD41F8DB31}.Release|x64.ActiveCfg = Release|Any CPU
		{76DA6709-7B18-4B6B-8700-6CFD41F8DB31}.Release|x64.Build.0 = Release|Any CPU
		{76DA6709-7B18-4B6B-8700-6CFD41F8DB31}.Release|x86.ActiveCfg = Release|Any CPU
		{76DA6709-7B18-4B6B-8700-6CFD41F8DB31}.Release|x86.Build.0 = Release|Any CPU
		{76DA6709-7B18-4B6B-8700-6CFD41F8DB31}.Releases|Any CPU.ActiveCfg = Release|Any CPU
		{76DA6709-7B18-4B6B-8700-6CFD41F8DB31}.Releases|Any CPU.Build.0 = Release|Any CPU
		{76DA6709-7B18-4B6B-8700-6CFD41F8DB31}.Releases|x64.ActiveCfg = Release|Any CPU
		{76DA6709-7B18-4B6B-8700-6CFD41F8DB31}.Releases|x64.Build.0 = Release|Any CPU
		{76DA6709-7B18-4B6B-8700-6CFD41F8DB31}.Releases|x86.ActiveCfg = Release|Any CPU
		{76DA6709-7B18-4B6B-8700-6CFD41F8DB31}.Releases|x86.Build.0 = Release|Any CPU
	EndGlobalSection
	GlobalSection(SolutionProperties) = preSolution
		HideSolutionNode = FALSE
	EndGlobalSection
	GlobalSection(NestedProjects) = preSolution
		{35ACDAEA-D87F-42BA-A74F-F3846BEA148F} = {020ED6DC-E6F8-4A72-ACF0-A6FF93A556B3}
		{FA18FA39-6DB4-442F-A5CB-B0FB639AB713} = {98F6CAF4-189D-4A6F-A59F-7BC4B3379B7B}
		{CD235906-613B-43FE-A9B3-1E1031C4249E} = {020ED6DC-E6F8-4A72-ACF0-A6FF93A556B3}
		{257B7206-9307-47A0-A798-E534D98DC5F0} = {98F6CAF4-189D-4A6F-A59F-7BC4B3379B7B}
		{0187E38C-89CD-463A-A156-80329C651824} = {D58AB631-9A9D-4025-9FCE-8964379ACF41}
		{AE3859AD-BFF9-408D-B4D1-B37B8200EF62} = {E4309A7C-9D3B-4464-88D4-A5166FA875D6}
		{76DA6709-7B18-4B6B-8700-6CFD41F8DB31} = {E4309A7C-9D3B-4464-88D4-A5166FA875D6}
	EndGlobalSection
	GlobalSection(ExtensibilityGlobals) = postSolution
		SolutionGuid = {59608774-85F3-4F6C-8617-FFF0F33DF4B1}
	EndGlobalSection
EndGlobal
