
Microsoft Visual Studio Solution File, Format Version 12.00
# Visual Studio Version 17
VisualStudioVersion = 17.3.32922.545
MinimumVisualStudioVersion = 10.0.40219.1
Project("{9A19103F-16F7-4668-BE54-9A1E7A4F7556}") = "ModelEditor", "ModelEditor\ModelEditor.csproj", "{35ACDAEA-D87F-42BA-A74F-F3846BEA148F}"
EndProject
Project("{9A19103F-16F7-4668-BE54-9A1E7A4F7556}") = "VoxelPrototype", "VoxelPrototype\VoxelPrototype.csproj", "{FA18FA39-6DB4-442F-A5CB-B0FB639AB713}"
EndProject
Project("{9A19103F-16F7-4668-BE54-9A1E7A4F7556}") = "VBFViewer", "VBFViewer\VBFViewer.csproj", "{CD235906-613B-43FE-A9B3-1E1031C4249E}"
EndProject
Project("{2150E333-8FDC-42A3-9474-1A3956D46DE8}") = "tool", "tool", "{734D1F66-5E7F-4984-BCF3-9FE849D6A921}"
EndProject
Project("{9A19103F-16F7-4668-BE54-9A1E7A4F7556}") = "Client", "Client\Client.csproj", "{EAE48AE7-BC25-434D-AFB1-9DDAE5FF3AC0}"
EndProject
Project("{9A19103F-16F7-4668-BE54-9A1E7A4F7556}") = "Server", "Server\Server.csproj", "{1344A46E-B5FB-4453-A38E-CD9F19494FFC}"
EndProject
Project("{9A19103F-16F7-4668-BE54-9A1E7A4F7556}") = "VoxelPrototype.VBF", "VoxelPrototype.VBF\VoxelPrototype.VBF.csproj", "{8DF60B9D-29E4-4E03-BCA3-61AADC46B079}"
EndProject
Project("{9A19103F-16F7-4668-BE54-9A1E7A4F7556}") = "Build", "build\Build.csproj", "{0D187F73-E75F-470A-9BC0-9E6B2B0C9369}"
EndProject
Project("{9A19103F-16F7-4668-BE54-9A1E7A4F7556}") = "Benchmark", "Benchmark\Benchmark.csproj", "{24DC33D4-858E-44A4-9C92-D1CAF0B70FD6}"
EndProject
Project("{9A19103F-16F7-4668-BE54-9A1E7A4F7556}") = "Test", "Test\Test.csproj", "{BAC92B1F-C78A-48F6-B48F-5F3A1F2DCF65}"
EndProject
Project("{FAE04EC0-301F-11D3-BF4B-00C04F79EFBC}") = "VoxelPrototype.client", "VoxelPrototype.client\VoxelPrototype.client.csproj", "{BEC91099-7CAC-45DD-8C09-6C6D69233436}"
EndProject
Global
	GlobalSection(SolutionConfigurationPlatforms) = preSolution
		Debug|Any CPU = Debug|Any CPU
		Debug|x64 = Debug|x64
		Debug|x86 = Debug|x86
		Profile|Any CPU = Profile|Any CPU
		Profile|x64 = Profile|x64
		Profile|x86 = Profile|x86
		Release|Any CPU = Release|Any CPU
		Release|x64 = Release|x64
		Release|x86 = Release|x86
	EndGlobalSection
	GlobalSection(ProjectConfigurationPlatforms) = postSolution
		{35ACDAEA-D87F-42BA-A74F-F3846BEA148F}.Debug|Any CPU.ActiveCfg = Debug|Any CPU
		{35ACDAEA-D87F-42BA-A74F-F3846BEA148F}.Debug|Any CPU.Build.0 = Debug|Any CPU
		{35ACDAEA-D87F-42BA-A74F-F3846BEA148F}.Debug|x64.ActiveCfg = Debug|Any CPU
		{35ACDAEA-D87F-42BA-A74F-F3846BEA148F}.Debug|x64.Build.0 = Debug|Any CPU
		{35ACDAEA-D87F-42BA-A74F-F3846BEA148F}.Debug|x86.ActiveCfg = Debug|Any CPU
		{35ACDAEA-D87F-42BA-A74F-F3846BEA148F}.Debug|x86.Build.0 = Debug|Any CPU
		{35ACDAEA-D87F-42BA-A74F-F3846BEA148F}.Profile|Any CPU.ActiveCfg = Profile|Any CPU
		{35ACDAEA-D87F-42BA-A74F-F3846BEA148F}.Profile|Any CPU.Build.0 = Profile|Any CPU
		{35ACDAEA-D87F-42BA-A74F-F3846BEA148F}.Profile|x64.ActiveCfg = Profile|Any CPU
		{35ACDAEA-D87F-42BA-A74F-F3846BEA148F}.Profile|x64.Build.0 = Profile|Any CPU
		{35ACDAEA-D87F-42BA-A74F-F3846BEA148F}.Profile|x86.ActiveCfg = Profile|Any CPU
		{35ACDAEA-D87F-42BA-A74F-F3846BEA148F}.Profile|x86.Build.0 = Profile|Any CPU
		{35ACDAEA-D87F-42BA-A74F-F3846BEA148F}.Release|Any CPU.ActiveCfg = Release|Any CPU
		{35ACDAEA-D87F-42BA-A74F-F3846BEA148F}.Release|Any CPU.Build.0 = Release|Any CPU
		{35ACDAEA-D87F-42BA-A74F-F3846BEA148F}.Release|x64.ActiveCfg = Release|Any CPU
		{35ACDAEA-D87F-42BA-A74F-F3846BEA148F}.Release|x64.Build.0 = Release|Any CPU
		{35ACDAEA-D87F-42BA-A74F-F3846BEA148F}.Release|x86.ActiveCfg = Release|Any CPU
		{35ACDAEA-D87F-42BA-A74F-F3846BEA148F}.Release|x86.Build.0 = Release|Any CPU
		{FA18FA39-6DB4-442F-A5CB-B0FB639AB713}.Debug|Any CPU.ActiveCfg = Debug|Any CPU
		{FA18FA39-6DB4-442F-A5CB-B0FB639AB713}.Debug|Any CPU.Build.0 = Debug|Any CPU
		{FA18FA39-6DB4-442F-A5CB-B0FB639AB713}.Debug|x64.ActiveCfg = Debug|x64
		{FA18FA39-6DB4-442F-A5CB-B0FB639AB713}.Debug|x64.Build.0 = Debug|x64
		{FA18FA39-6DB4-442F-A5CB-B0FB639AB713}.Debug|x86.ActiveCfg = Debug|Any CPU
		{FA18FA39-6DB4-442F-A5CB-B0FB639AB713}.Debug|x86.Build.0 = Debug|Any CPU
		{FA18FA39-6DB4-442F-A5CB-B0FB639AB713}.Profile|Any CPU.ActiveCfg = Profile|Any CPU
		{FA18FA39-6DB4-442F-A5CB-B0FB639AB713}.Profile|Any CPU.Build.0 = Profile|Any CPU
		{FA18FA39-6DB4-442F-A5CB-B0FB639AB713}.Profile|x64.ActiveCfg = Profile|x64
		{FA18FA39-6DB4-442F-A5CB-B0FB639AB713}.Profile|x64.Build.0 = Profile|x64
		{FA18FA39-6DB4-442F-A5CB-B0FB639AB713}.Profile|x86.ActiveCfg = Profile|Any CPU
		{FA18FA39-6DB4-442F-A5CB-B0FB639AB713}.Profile|x86.Build.0 = Profile|Any CPU
		{FA18FA39-6DB4-442F-A5CB-B0FB639AB713}.Release|Any CPU.ActiveCfg = Release|Any CPU
		{FA18FA39-6DB4-442F-A5CB-B0FB639AB713}.Release|Any CPU.Build.0 = Release|Any CPU
		{FA18FA39-6DB4-442F-A5CB-B0FB639AB713}.Release|x64.ActiveCfg = Release|x64
		{FA18FA39-6DB4-442F-A5CB-B0FB639AB713}.Release|x64.Build.0 = Release|x64
		{FA18FA39-6DB4-442F-A5CB-B0FB639AB713}.Release|x86.ActiveCfg = Release|Any CPU
		{FA18FA39-6DB4-442F-A5CB-B0FB639AB713}.Release|x86.Build.0 = Release|Any CPU
		{CD235906-613B-43FE-A9B3-1E1031C4249E}.Debug|Any CPU.ActiveCfg = Debug|Any CPU
		{CD235906-613B-43FE-A9B3-1E1031C4249E}.Debug|Any CPU.Build.0 = Debug|Any CPU
		{CD235906-613B-43FE-A9B3-1E1031C4249E}.Debug|x64.ActiveCfg = Debug|Any CPU
		{CD235906-613B-43FE-A9B3-1E1031C4249E}.Debug|x64.Build.0 = Debug|Any CPU
		{CD235906-613B-43FE-A9B3-1E1031C4249E}.Debug|x86.ActiveCfg = Debug|Any CPU
		{CD235906-613B-43FE-A9B3-1E1031C4249E}.Debug|x86.Build.0 = Debug|Any CPU
		{CD235906-613B-43FE-A9B3-1E1031C4249E}.Profile|Any CPU.ActiveCfg = Profile|Any CPU
		{CD235906-613B-43FE-A9B3-1E1031C4249E}.Profile|Any CPU.Build.0 = Profile|Any CPU
		{CD235906-613B-43FE-A9B3-1E1031C4249E}.Profile|x64.ActiveCfg = Profile|Any CPU
		{CD235906-613B-43FE-A9B3-1E1031C4249E}.Profile|x64.Build.0 = Profile|Any CPU
		{CD235906-613B-43FE-A9B3-1E1031C4249E}.Profile|x86.ActiveCfg = Profile|Any CPU
		{CD235906-613B-43FE-A9B3-1E1031C4249E}.Profile|x86.Build.0 = Profile|Any CPU
		{CD235906-613B-43FE-A9B3-1E1031C4249E}.Release|Any CPU.ActiveCfg = Release|Any CPU
		{CD235906-613B-43FE-A9B3-1E1031C4249E}.Release|Any CPU.Build.0 = Release|Any CPU
		{CD235906-613B-43FE-A9B3-1E1031C4249E}.Release|x64.ActiveCfg = Release|Any CPU
		{CD235906-613B-43FE-A9B3-1E1031C4249E}.Release|x64.Build.0 = Release|Any CPU
		{CD235906-613B-43FE-A9B3-1E1031C4249E}.Release|x86.ActiveCfg = Release|Any CPU
		{CD235906-613B-43FE-A9B3-1E1031C4249E}.Release|x86.Build.0 = Release|Any CPU
		{EAE48AE7-BC25-434D-AFB1-9DDAE5FF3AC0}.Debug|Any CPU.ActiveCfg = Debug|Any CPU
		{EAE48AE7-BC25-434D-AFB1-9DDAE5FF3AC0}.Debug|Any CPU.Build.0 = Debug|Any CPU
		{EAE48AE7-BC25-434D-AFB1-9DDAE5FF3AC0}.Debug|x64.ActiveCfg = Debug|Any CPU
		{EAE48AE7-BC25-434D-AFB1-9DDAE5FF3AC0}.Debug|x64.Build.0 = Debug|Any CPU
		{EAE48AE7-BC25-434D-AFB1-9DDAE5FF3AC0}.Debug|x86.ActiveCfg = Debug|Any CPU
		{EAE48AE7-BC25-434D-AFB1-9DDAE5FF3AC0}.Debug|x86.Build.0 = Debug|Any CPU
		{EAE48AE7-BC25-434D-AFB1-9DDAE5FF3AC0}.Profile|Any CPU.ActiveCfg = Profile|Any CPU
		{EAE48AE7-BC25-434D-AFB1-9DDAE5FF3AC0}.Profile|Any CPU.Build.0 = Profile|Any CPU
		{EAE48AE7-BC25-434D-AFB1-9DDAE5FF3AC0}.Profile|x64.ActiveCfg = Profile|Any CPU
		{EAE48AE7-BC25-434D-AFB1-9DDAE5FF3AC0}.Profile|x64.Build.0 = Profile|Any CPU
		{EAE48AE7-BC25-434D-AFB1-9DDAE5FF3AC0}.Profile|x86.ActiveCfg = Profile|Any CPU
		{EAE48AE7-BC25-434D-AFB1-9DDAE5FF3AC0}.Profile|x86.Build.0 = Profile|Any CPU
		{EAE48AE7-BC25-434D-AFB1-9DDAE5FF3AC0}.Release|Any CPU.ActiveCfg = Release|Any CPU
		{EAE48AE7-BC25-434D-AFB1-9DDAE5FF3AC0}.Release|Any CPU.Build.0 = Release|Any CPU
		{EAE48AE7-BC25-434D-AFB1-9DDAE5FF3AC0}.Release|x64.ActiveCfg = Release|Any CPU
		{EAE48AE7-BC25-434D-AFB1-9DDAE5FF3AC0}.Release|x64.Build.0 = Release|Any CPU
		{EAE48AE7-BC25-434D-AFB1-9DDAE5FF3AC0}.Release|x86.ActiveCfg = Release|Any CPU
		{EAE48AE7-BC25-434D-AFB1-9DDAE5FF3AC0}.Release|x86.Build.0 = Release|Any CPU
		{1344A46E-B5FB-4453-A38E-CD9F19494FFC}.Debug|Any CPU.ActiveCfg = Debug|Any CPU
		{1344A46E-B5FB-4453-A38E-CD9F19494FFC}.Debug|Any CPU.Build.0 = Debug|Any CPU
		{1344A46E-B5FB-4453-A38E-CD9F19494FFC}.Debug|x64.ActiveCfg = Debug|x64
		{1344A46E-B5FB-4453-A38E-CD9F19494FFC}.Debug|x64.Build.0 = Debug|x64
		{1344A46E-B5FB-4453-A38E-CD9F19494FFC}.Debug|x86.ActiveCfg = Debug|Any CPU
		{1344A46E-B5FB-4453-A38E-CD9F19494FFC}.Debug|x86.Build.0 = Debug|Any CPU
		{1344A46E-B5FB-4453-A38E-CD9F19494FFC}.Profile|Any CPU.ActiveCfg = Profile|Any CPU
		{1344A46E-B5FB-4453-A38E-CD9F19494FFC}.Profile|Any CPU.Build.0 = Profile|Any CPU
		{1344A46E-B5FB-4453-A38E-CD9F19494FFC}.Profile|x64.ActiveCfg = Profile|x64
		{1344A46E-B5FB-4453-A38E-CD9F19494FFC}.Profile|x64.Build.0 = Profile|x64
		{1344A46E-B5FB-4453-A38E-CD9F19494FFC}.Profile|x86.ActiveCfg = Profile|Any CPU
		{1344A46E-B5FB-4453-A38E-CD9F19494FFC}.Profile|x86.Build.0 = Profile|Any CPU
		{1344A46E-B5FB-4453-A38E-CD9F19494FFC}.Release|Any CPU.ActiveCfg = Release|Any CPU
		{1344A46E-B5FB-4453-A38E-CD9F19494FFC}.Release|Any CPU.Build.0 = Release|Any CPU
		{1344A46E-B5FB-4453-A38E-CD9F19494FFC}.Release|x64.ActiveCfg = Release|x64
		{1344A46E-B5FB-4453-A38E-CD9F19494FFC}.Release|x64.Build.0 = Release|x64
		{1344A46E-B5FB-4453-A38E-CD9F19494FFC}.Release|x86.ActiveCfg = Release|Any CPU
		{1344A46E-B5FB-4453-A38E-CD9F19494FFC}.Release|x86.Build.0 = Release|Any CPU
		{8DF60B9D-29E4-4E03-BCA3-61AADC46B079}.Debug|Any CPU.ActiveCfg = Debug|Any CPU
		{8DF60B9D-29E4-4E03-BCA3-61AADC46B079}.Debug|Any CPU.Build.0 = Debug|Any CPU
		{8DF60B9D-29E4-4E03-BCA3-61AADC46B079}.Debug|x64.ActiveCfg = Debug|Any CPU
		{8DF60B9D-29E4-4E03-BCA3-61AADC46B079}.Debug|x64.Build.0 = Debug|Any CPU
		{8DF60B9D-29E4-4E03-BCA3-61AADC46B079}.Debug|x86.ActiveCfg = Debug|Any CPU
		{8DF60B9D-29E4-4E03-BCA3-61AADC46B079}.Debug|x86.Build.0 = Debug|Any CPU
		{8DF60B9D-29E4-4E03-BCA3-61AADC46B079}.Profile|Any CPU.ActiveCfg = Release|Any CPU
		{8DF60B9D-29E4-4E03-BCA3-61AADC46B079}.Profile|Any CPU.Build.0 = Release|Any CPU
		{8DF60B9D-29E4-4E03-BCA3-61AADC46B079}.Profile|x64.ActiveCfg = Release|Any CPU
		{8DF60B9D-29E4-4E03-BCA3-61AADC46B079}.Profile|x64.Build.0 = Release|Any CPU
		{8DF60B9D-29E4-4E03-BCA3-61AADC46B079}.Profile|x86.ActiveCfg = Release|Any CPU
		{8DF60B9D-29E4-4E03-BCA3-61AADC46B079}.Profile|x86.Build.0 = Release|Any CPU
		{8DF60B9D-29E4-4E03-BCA3-61AADC46B079}.Release|Any CPU.ActiveCfg = Release|Any CPU
		{8DF60B9D-29E4-4E03-BCA3-61AADC46B079}.Release|Any CPU.Build.0 = Release|Any CPU
		{8DF60B9D-29E4-4E03-BCA3-61AADC46B079}.Release|x64.ActiveCfg = Release|Any CPU
		{8DF60B9D-29E4-4E03-BCA3-61AADC46B079}.Release|x64.Build.0 = Release|Any CPU
		{8DF60B9D-29E4-4E03-BCA3-61AADC46B079}.Release|x86.ActiveCfg = Release|Any CPU
		{8DF60B9D-29E4-4E03-BCA3-61AADC46B079}.Release|x86.Build.0 = Release|Any CPU
		{0D187F73-E75F-470A-9BC0-9E6B2B0C9369}.Debug|Any CPU.ActiveCfg = Debug|Any CPU
		{0D187F73-E75F-470A-9BC0-9E6B2B0C9369}.Debug|Any CPU.Build.0 = Debug|Any CPU
		{0D187F73-E75F-470A-9BC0-9E6B2B0C9369}.Debug|x64.ActiveCfg = Debug|Any CPU
		{0D187F73-E75F-470A-9BC0-9E6B2B0C9369}.Debug|x64.Build.0 = Debug|Any CPU
		{0D187F73-E75F-470A-9BC0-9E6B2B0C9369}.Debug|x86.ActiveCfg = Debug|Any CPU
		{0D187F73-E75F-470A-9BC0-9E6B2B0C9369}.Debug|x86.Build.0 = Debug|Any CPU
		{0D187F73-E75F-470A-9BC0-9E6B2B0C9369}.Profile|Any CPU.ActiveCfg = Release|Any CPU
		{0D187F73-E75F-470A-9BC0-9E6B2B0C9369}.Profile|Any CPU.Build.0 = Release|Any CPU
		{0D187F73-E75F-470A-9BC0-9E6B2B0C9369}.Profile|x64.ActiveCfg = Release|Any CPU
		{0D187F73-E75F-470A-9BC0-9E6B2B0C9369}.Profile|x64.Build.0 = Release|Any CPU
		{0D187F73-E75F-470A-9BC0-9E6B2B0C9369}.Profile|x86.ActiveCfg = Release|Any CPU
		{0D187F73-E75F-470A-9BC0-9E6B2B0C9369}.Profile|x86.Build.0 = Release|Any CPU
		{0D187F73-E75F-470A-9BC0-9E6B2B0C9369}.Release|Any CPU.ActiveCfg = Release|Any CPU
		{0D187F73-E75F-470A-9BC0-9E6B2B0C9369}.Release|Any CPU.Build.0 = Release|Any CPU
		{0D187F73-E75F-470A-9BC0-9E6B2B0C9369}.Release|x64.ActiveCfg = Release|Any CPU
		{0D187F73-E75F-470A-9BC0-9E6B2B0C9369}.Release|x64.Build.0 = Release|Any CPU
		{0D187F73-E75F-470A-9BC0-9E6B2B0C9369}.Release|x86.ActiveCfg = Release|Any CPU
		{0D187F73-E75F-470A-9BC0-9E6B2B0C9369}.Release|x86.Build.0 = Release|Any CPU
		{24DC33D4-858E-44A4-9C92-D1CAF0B70FD6}.Debug|Any CPU.ActiveCfg = Debug|Any CPU
		{24DC33D4-858E-44A4-9C92-D1CAF0B70FD6}.Debug|Any CPU.Build.0 = Debug|Any CPU
		{24DC33D4-858E-44A4-9C92-D1CAF0B70FD6}.Debug|x64.ActiveCfg = Debug|Any CPU
		{24DC33D4-858E-44A4-9C92-D1CAF0B70FD6}.Debug|x64.Build.0 = Debug|Any CPU
		{24DC33D4-858E-44A4-9C92-D1CAF0B70FD6}.Debug|x86.ActiveCfg = Debug|Any CPU
		{24DC33D4-858E-44A4-9C92-D1CAF0B70FD6}.Debug|x86.Build.0 = Debug|Any CPU
		{24DC33D4-858E-44A4-9C92-D1CAF0B70FD6}.Profile|Any CPU.ActiveCfg = Release|Any CPU
		{24DC33D4-858E-44A4-9C92-D1CAF0B70FD6}.Profile|Any CPU.Build.0 = Release|Any CPU
		{24DC33D4-858E-44A4-9C92-D1CAF0B70FD6}.Profile|x64.ActiveCfg = Release|Any CPU
		{24DC33D4-858E-44A4-9C92-D1CAF0B70FD6}.Profile|x64.Build.0 = Release|Any CPU
		{24DC33D4-858E-44A4-9C92-D1CAF0B70FD6}.Profile|x86.ActiveCfg = Release|Any CPU
		{24DC33D4-858E-44A4-9C92-D1CAF0B70FD6}.Profile|x86.Build.0 = Release|Any CPU
		{24DC33D4-858E-44A4-9C92-D1CAF0B70FD6}.Release|Any CPU.ActiveCfg = Release|Any CPU
		{24DC33D4-858E-44A4-9C92-D1CAF0B70FD6}.Release|Any CPU.Build.0 = Release|Any CPU
		{24DC33D4-858E-44A4-9C92-D1CAF0B70FD6}.Release|x64.ActiveCfg = Release|Any CPU
		{24DC33D4-858E-44A4-9C92-D1CAF0B70FD6}.Release|x64.Build.0 = Release|Any CPU
		{24DC33D4-858E-44A4-9C92-D1CAF0B70FD6}.Release|x86.ActiveCfg = Release|Any CPU
		{24DC33D4-858E-44A4-9C92-D1CAF0B70FD6}.Release|x86.Build.0 = Release|Any CPU
		{BAC92B1F-C78A-48F6-B48F-5F3A1F2DCF65}.Debug|Any CPU.ActiveCfg = Debug|Any CPU
		{BAC92B1F-C78A-48F6-B48F-5F3A1F2DCF65}.Debug|Any CPU.Build.0 = Debug|Any CPU
		{BAC92B1F-C78A-48F6-B48F-5F3A1F2DCF65}.Debug|x64.ActiveCfg = Debug|Any CPU
		{BAC92B1F-C78A-48F6-B48F-5F3A1F2DCF65}.Debug|x64.Build.0 = Debug|Any CPU
		{BAC92B1F-C78A-48F6-B48F-5F3A1F2DCF65}.Debug|x86.ActiveCfg = Debug|Any CPU
		{BAC92B1F-C78A-48F6-B48F-5F3A1F2DCF65}.Debug|x86.Build.0 = Debug|Any CPU
		{BAC92B1F-C78A-48F6-B48F-5F3A1F2DCF65}.Profile|Any CPU.ActiveCfg = Release|Any CPU
		{BAC92B1F-C78A-48F6-B48F-5F3A1F2DCF65}.Profile|Any CPU.Build.0 = Release|Any CPU
		{BAC92B1F-C78A-48F6-B48F-5F3A1F2DCF65}.Profile|x64.ActiveCfg = Release|Any CPU
		{BAC92B1F-C78A-48F6-B48F-5F3A1F2DCF65}.Profile|x64.Build.0 = Release|Any CPU
		{BAC92B1F-C78A-48F6-B48F-5F3A1F2DCF65}.Profile|x86.ActiveCfg = Release|Any CPU
		{BAC92B1F-C78A-48F6-B48F-5F3A1F2DCF65}.Profile|x86.Build.0 = Release|Any CPU
		{BAC92B1F-C78A-48F6-B48F-5F3A1F2DCF65}.Release|Any CPU.ActiveCfg = Release|Any CPU
		{BAC92B1F-C78A-48F6-B48F-5F3A1F2DCF65}.Release|Any CPU.Build.0 = Release|Any CPU
		{BAC92B1F-C78A-48F6-B48F-5F3A1F2DCF65}.Release|x64.ActiveCfg = Release|Any CPU
		{BAC92B1F-C78A-48F6-B48F-5F3A1F2DCF65}.Release|x64.Build.0 = Release|Any CPU
		{BAC92B1F-C78A-48F6-B48F-5F3A1F2DCF65}.Release|x86.ActiveCfg = Release|Any CPU
		{BAC92B1F-C78A-48F6-B48F-5F3A1F2DCF65}.Release|x86.Build.0 = Release|Any CPU
		{BEC91099-7CAC-45DD-8C09-6C6D69233436}.Debug|Any CPU.ActiveCfg = Debug|Any CPU
		{BEC91099-7CAC-45DD-8C09-6C6D69233436}.Debug|Any CPU.Build.0 = Debug|Any CPU
		{BEC91099-7CAC-45DD-8C09-6C6D69233436}.Debug|x64.ActiveCfg = Debug|Any CPU
		{BEC91099-7CAC-45DD-8C09-6C6D69233436}.Debug|x64.Build.0 = Debug|Any CPU
		{BEC91099-7CAC-45DD-8C09-6C6D69233436}.Debug|x86.ActiveCfg = Debug|Any CPU
		{BEC91099-7CAC-45DD-8C09-6C6D69233436}.Debug|x86.Build.0 = Debug|Any CPU
		{BEC91099-7CAC-45DD-8C09-6C6D69233436}.Profile|Any CPU.ActiveCfg = Debug|Any CPU
		{BEC91099-7CAC-45DD-8C09-6C6D69233436}.Profile|Any CPU.Build.0 = Debug|Any CPU
		{BEC91099-7CAC-45DD-8C09-6C6D69233436}.Profile|x64.ActiveCfg = Debug|Any CPU
		{BEC91099-7CAC-45DD-8C09-6C6D69233436}.Profile|x64.Build.0 = Debug|Any CPU
		{BEC91099-7CAC-45DD-8C09-6C6D69233436}.Profile|x86.ActiveCfg = Debug|Any CPU
		{BEC91099-7CAC-45DD-8C09-6C6D69233436}.Profile|x86.Build.0 = Debug|Any CPU
		{BEC91099-7CAC-45DD-8C09-6C6D69233436}.Release|Any CPU.ActiveCfg = Release|Any CPU
		{BEC91099-7CAC-45DD-8C09-6C6D69233436}.Release|Any CPU.Build.0 = Release|Any CPU
		{BEC91099-7CAC-45DD-8C09-6C6D69233436}.Release|x64.ActiveCfg = Release|Any CPU
		{BEC91099-7CAC-45DD-8C09-6C6D69233436}.Release|x64.Build.0 = Release|Any CPU
		{BEC91099-7CAC-45DD-8C09-6C6D69233436}.Release|x86.ActiveCfg = Release|Any CPU
		{BEC91099-7CAC-45DD-8C09-6C6D69233436}.Release|x86.Build.0 = Release|Any CPU
	EndGlobalSection
	GlobalSection(SolutionProperties) = preSolution
		HideSolutionNode = FALSE
	EndGlobalSection
	GlobalSection(NestedProjects) = preSolution
		{35ACDAEA-D87F-42BA-A74F-F3846BEA148F} = {734D1F66-5E7F-4984-BCF3-9FE849D6A921}
		{CD235906-613B-43FE-A9B3-1E1031C4249E} = {734D1F66-5E7F-4984-BCF3-9FE849D6A921}
	EndGlobalSection
	GlobalSection(ExtensibilityGlobals) = postSolution
		SolutionGuid = {59608774-85F3-4F6C-8617-FFF0F33DF4B1}
	EndGlobalSection
EndGlobal
