
Microsoft Visual Studio Solution File, Format Version 12.00
# Visual Studio Version 17
VisualStudioVersion = 17.3.32922.545
MinimumVisualStudioVersion = 10.0.40219.1
Project("{9A19103F-16F7-4668-BE54-9A1E7A4F7556}") = "ModelEditor", "ModelEditor\ModelEditor.csproj", "{35ACDAEA-D87F-42BA-A74F-F3846BEA148F}"
EndProject
Project("{9A19103F-16F7-4668-BE54-9A1E7A4F7556}") = "VoxelPrototype", "VoxelPrototype\VoxelPrototype.csproj", "{FA18FA39-6DB4-442F-A5CB-B0FB639AB713}"
EndProject
Project("{9A19103F-16F7-4668-BE54-9A1E7A4F7556}") = "VoxelPrototypeServer", "VoxelPrototypeServer\VoxelPrototypeServer.csproj", "{E66BDFF2-927B-42C4-8A55-B9648832B0DA}"
EndProject
Project("{9A19103F-16F7-4668-BE54-9A1E7A4F7556}") = "VBFViewer", "VBFViewer\VBFViewer.csproj", "{CD235906-613B-43FE-A9B3-1E1031C4249E}"
EndProject
Project("{9A19103F-16F7-4668-BE54-9A1E7A4F7556}") = "Test", "Test\Test.csproj", "{6896B1A2-2F1E-457D-8AB8-2E8CCB60BA7B}"
EndProject
Project("{9A19103F-16F7-4668-BE54-9A1E7A4F7556}") = "VoxelPrototypeClient", "VoxelPrototypeClient\VoxelPrototypeClient.csproj", "{B8928230-2548-4D3A-8049-315E6C7BA762}"
EndProject
Project("{2150E333-8FDC-42A3-9474-1A3956D46DE8}") = "tool", "tool", "{734D1F66-5E7F-4984-BCF3-9FE849D6A921}"
EndProject
Project("{9A19103F-16F7-4668-BE54-9A1E7A4F7556}") = "SharpFont", "SharpFont\SharpFont.csproj", "{E2F16E7A-59B7-4D0F-97CA-01EE9E76F5AA}"
EndProject
Project("{2150E333-8FDC-42A3-9474-1A3956D46DE8}") = "server", "server", "{85760729-F920-4D2C-B100-E5F6C8370795}"
EndProject
Project("{2150E333-8FDC-42A3-9474-1A3956D46DE8}") = "client", "client", "{21A3188B-0CD7-4321-901F-34B2EC1660EA}"
EndProject
Project("{2150E333-8FDC-42A3-9474-1A3956D46DE8}") = "game", "game", "{7CE85A2F-4ECA-4F9B-AEFB-7B94685F2156}"
EndProject
Global
	GlobalSection(SolutionConfigurationPlatforms) = preSolution
		Debug|Any CPU = Debug|Any CPU
		Debug|x64 = Debug|x64
		Debug|x86 = Debug|x86
		Release|Any CPU = Release|Any CPU
		Release|x64 = Release|x64
		Release|x86 = Release|x86
	EndGlobalSection
	GlobalSection(ProjectConfigurationPlatforms) = postSolution
		{35ACDAEA-D87F-42BA-A74F-F3846BEA148F}.Debug|Any CPU.ActiveCfg = Debug|Any CPU
		{35ACDAEA-D87F-42BA-A74F-F3846BEA148F}.Debug|Any CPU.Build.0 = Debug|Any CPU
		{35ACDAEA-D87F-42BA-A74F-F3846BEA148F}.Debug|x64.ActiveCfg = Debug|Any CPU
		{35ACDAEA-D87F-42BA-A74F-F3846BEA148F}.Debug|x64.Build.0 = Debug|Any CPU
		{35ACDAEA-D87F-42BA-A74F-F3846BEA148F}.Debug|x86.ActiveCfg = Debug|Any CPU
		{35ACDAEA-D87F-42BA-A74F-F3846BEA148F}.Debug|x86.Build.0 = Debug|Any CPU
		{35ACDAEA-D87F-42BA-A74F-F3846BEA148F}.Release|Any CPU.ActiveCfg = Release|Any CPU
		{35ACDAEA-D87F-42BA-A74F-F3846BEA148F}.Release|Any CPU.Build.0 = Release|Any CPU
		{35ACDAEA-D87F-42BA-A74F-F3846BEA148F}.Release|x64.ActiveCfg = Release|Any CPU
		{35ACDAEA-D87F-42BA-A74F-F3846BEA148F}.Release|x64.Build.0 = Release|Any CPU
		{35ACDAEA-D87F-42BA-A74F-F3846BEA148F}.Release|x86.ActiveCfg = Release|Any CPU
		{35ACDAEA-D87F-42BA-A74F-F3846BEA148F}.Release|x86.Build.0 = Release|Any CPU
		{FA18FA39-6DB4-442F-A5CB-B0FB639AB713}.Debug|Any CPU.ActiveCfg = Debug|Any CPU
		{FA18FA39-6DB4-442F-A5CB-B0FB639AB713}.Debug|Any CPU.Build.0 = Debug|Any CPU
		{FA18FA39-6DB4-442F-A5CB-B0FB639AB713}.Debug|x64.ActiveCfg = Debug|x64
		{FA18FA39-6DB4-442F-A5CB-B0FB639AB713}.Debug|x64.Build.0 = Debug|x64
		{FA18FA39-6DB4-442F-A5CB-B0FB639AB713}.Debug|x86.ActiveCfg = Debug|Any CPU
		{FA18FA39-6DB4-442F-A5CB-B0FB639AB713}.Debug|x86.Build.0 = Debug|Any CPU
		{FA18FA39-6DB4-442F-A5CB-B0FB639AB713}.Release|Any CPU.ActiveCfg = Release|Any CPU
		{FA18FA39-6DB4-442F-A5CB-B0FB639AB713}.Release|Any CPU.Build.0 = Release|Any CPU
		{FA18FA39-6DB4-442F-A5CB-B0FB639AB713}.Release|x64.ActiveCfg = Release|x64
		{FA18FA39-6DB4-442F-A5CB-B0FB639AB713}.Release|x64.Build.0 = Release|x64
		{FA18FA39-6DB4-442F-A5CB-B0FB639AB713}.Release|x86.ActiveCfg = Release|Any CPU
		{FA18FA39-6DB4-442F-A5CB-B0FB639AB713}.Release|x86.Build.0 = Release|Any CPU
		{E66BDFF2-927B-42C4-8A55-B9648832B0DA}.Debug|Any CPU.ActiveCfg = Debug|Any CPU
		{E66BDFF2-927B-42C4-8A55-B9648832B0DA}.Debug|Any CPU.Build.0 = Debug|Any CPU
		{E66BDFF2-927B-42C4-8A55-B9648832B0DA}.Debug|x64.ActiveCfg = Debug|x64
		{E66BDFF2-927B-42C4-8A55-B9648832B0DA}.Debug|x64.Build.0 = Debug|x64
		{E66BDFF2-927B-42C4-8A55-B9648832B0DA}.Debug|x86.ActiveCfg = Debug|Any CPU
		{E66BDFF2-927B-42C4-8A55-B9648832B0DA}.Debug|x86.Build.0 = Debug|Any CPU
		{E66BDFF2-927B-42C4-8A55-B9648832B0DA}.Release|Any CPU.ActiveCfg = Release|Any CPU
		{E66BDFF2-927B-42C4-8A55-B9648832B0DA}.Release|Any CPU.Build.0 = Release|Any CPU
		{E66BDFF2-927B-42C4-8A55-B9648832B0DA}.Release|x64.ActiveCfg = Release|x64
		{E66BDFF2-927B-42C4-8A55-B9648832B0DA}.Release|x64.Build.0 = Release|x64
		{E66BDFF2-927B-42C4-8A55-B9648832B0DA}.Release|x86.ActiveCfg = Release|Any CPU
		{E66BDFF2-927B-42C4-8A55-B9648832B0DA}.Release|x86.Build.0 = Release|Any CPU
		{CD235906-613B-43FE-A9B3-1E1031C4249E}.Debug|Any CPU.ActiveCfg = Debug|Any CPU
		{CD235906-613B-43FE-A9B3-1E1031C4249E}.Debug|Any CPU.Build.0 = Debug|Any CPU
		{CD235906-613B-43FE-A9B3-1E1031C4249E}.Debug|x64.ActiveCfg = Debug|Any CPU
		{CD235906-613B-43FE-A9B3-1E1031C4249E}.Debug|x64.Build.0 = Debug|Any CPU
		{CD235906-613B-43FE-A9B3-1E1031C4249E}.Debug|x86.ActiveCfg = Debug|Any CPU
		{CD235906-613B-43FE-A9B3-1E1031C4249E}.Debug|x86.Build.0 = Debug|Any CPU
		{CD235906-613B-43FE-A9B3-1E1031C4249E}.Release|Any CPU.ActiveCfg = Release|Any CPU
		{CD235906-613B-43FE-A9B3-1E1031C4249E}.Release|Any CPU.Build.0 = Release|Any CPU
		{CD235906-613B-43FE-A9B3-1E1031C4249E}.Release|x64.ActiveCfg = Release|Any CPU
		{CD235906-613B-43FE-A9B3-1E1031C4249E}.Release|x64.Build.0 = Release|Any CPU
		{CD235906-613B-43FE-A9B3-1E1031C4249E}.Release|x86.ActiveCfg = Release|Any CPU
		{CD235906-613B-43FE-A9B3-1E1031C4249E}.Release|x86.Build.0 = Release|Any CPU
		{6896B1A2-2F1E-457D-8AB8-2E8CCB60BA7B}.Debug|Any CPU.ActiveCfg = Debug|Any CPU
		{6896B1A2-2F1E-457D-8AB8-2E8CCB60BA7B}.Debug|Any CPU.Build.0 = Debug|Any CPU
		{6896B1A2-2F1E-457D-8AB8-2E8CCB60BA7B}.Debug|x64.ActiveCfg = Debug|Any CPU
		{6896B1A2-2F1E-457D-8AB8-2E8CCB60BA7B}.Debug|x64.Build.0 = Debug|Any CPU
		{6896B1A2-2F1E-457D-8AB8-2E8CCB60BA7B}.Debug|x86.ActiveCfg = Debug|Any CPU
		{6896B1A2-2F1E-457D-8AB8-2E8CCB60BA7B}.Debug|x86.Build.0 = Debug|Any CPU
		{6896B1A2-2F1E-457D-8AB8-2E8CCB60BA7B}.Release|Any CPU.ActiveCfg = Release|Any CPU
		{6896B1A2-2F1E-457D-8AB8-2E8CCB60BA7B}.Release|Any CPU.Build.0 = Release|Any CPU
		{6896B1A2-2F1E-457D-8AB8-2E8CCB60BA7B}.Release|x64.ActiveCfg = Release|Any CPU
		{6896B1A2-2F1E-457D-8AB8-2E8CCB60BA7B}.Release|x64.Build.0 = Release|Any CPU
		{6896B1A2-2F1E-457D-8AB8-2E8CCB60BA7B}.Release|x86.ActiveCfg = Release|Any CPU
		{6896B1A2-2F1E-457D-8AB8-2E8CCB60BA7B}.Release|x86.Build.0 = Release|Any CPU
		{B8928230-2548-4D3A-8049-315E6C7BA762}.Debug|Any CPU.ActiveCfg = Debug|Any CPU
		{B8928230-2548-4D3A-8049-315E6C7BA762}.Debug|Any CPU.Build.0 = Debug|Any CPU
		{B8928230-2548-4D3A-8049-315E6C7BA762}.Debug|x64.ActiveCfg = Debug|Any CPU
		{B8928230-2548-4D3A-8049-315E6C7BA762}.Debug|x64.Build.0 = Debug|Any CPU
		{B8928230-2548-4D3A-8049-315E6C7BA762}.Debug|x86.ActiveCfg = Debug|Any CPU
		{B8928230-2548-4D3A-8049-315E6C7BA762}.Debug|x86.Build.0 = Debug|Any CPU
		{B8928230-2548-4D3A-8049-315E6C7BA762}.Release|Any CPU.ActiveCfg = Release|Any CPU
		{B8928230-2548-4D3A-8049-315E6C7BA762}.Release|Any CPU.Build.0 = Release|Any CPU
		{B8928230-2548-4D3A-8049-315E6C7BA762}.Release|x64.ActiveCfg = Release|Any CPU
		{B8928230-2548-4D3A-8049-315E6C7BA762}.Release|x64.Build.0 = Release|Any CPU
		{B8928230-2548-4D3A-8049-315E6C7BA762}.Release|x86.ActiveCfg = Release|Any CPU
		{B8928230-2548-4D3A-8049-315E6C7BA762}.Release|x86.Build.0 = Release|Any CPU
		{E2F16E7A-59B7-4D0F-97CA-01EE9E76F5AA}.Debug|Any CPU.ActiveCfg = Debug|Any CPU
		{E2F16E7A-59B7-4D0F-97CA-01EE9E76F5AA}.Debug|Any CPU.Build.0 = Debug|Any CPU
		{E2F16E7A-59B7-4D0F-97CA-01EE9E76F5AA}.Debug|x64.ActiveCfg = Debug|Any CPU
		{E2F16E7A-59B7-4D0F-97CA-01EE9E76F5AA}.Debug|x64.Build.0 = Debug|Any CPU
		{E2F16E7A-59B7-4D0F-97CA-01EE9E76F5AA}.Debug|x86.ActiveCfg = Debug|Any CPU
		{E2F16E7A-59B7-4D0F-97CA-01EE9E76F5AA}.Debug|x86.Build.0 = Debug|Any CPU
		{E2F16E7A-59B7-4D0F-97CA-01EE9E76F5AA}.Release|Any CPU.ActiveCfg = Release|Any CPU
		{E2F16E7A-59B7-4D0F-97CA-01EE9E76F5AA}.Release|Any CPU.Build.0 = Release|Any CPU
		{E2F16E7A-59B7-4D0F-97CA-01EE9E76F5AA}.Release|x64.ActiveCfg = Release|Any CPU
		{E2F16E7A-59B7-4D0F-97CA-01EE9E76F5AA}.Release|x64.Build.0 = Release|Any CPU
		{E2F16E7A-59B7-4D0F-97CA-01EE9E76F5AA}.Release|x86.ActiveCfg = Release|Any CPU
		{E2F16E7A-59B7-4D0F-97CA-01EE9E76F5AA}.Release|x86.Build.0 = Release|Any CPU
	EndGlobalSection
	GlobalSection(SolutionProperties) = preSolution
		HideSolutionNode = FALSE
	EndGlobalSection
	GlobalSection(NestedProjects) = preSolution
		{35ACDAEA-D87F-42BA-A74F-F3846BEA148F} = {734D1F66-5E7F-4984-BCF3-9FE849D6A921}
		{FA18FA39-6DB4-442F-A5CB-B0FB639AB713} = {7CE85A2F-4ECA-4F9B-AEFB-7B94685F2156}
		{E66BDFF2-927B-42C4-8A55-B9648832B0DA} = {85760729-F920-4D2C-B100-E5F6C8370795}
		{CD235906-613B-43FE-A9B3-1E1031C4249E} = {734D1F66-5E7F-4984-BCF3-9FE849D6A921}
		{B8928230-2548-4D3A-8049-315E6C7BA762} = {21A3188B-0CD7-4321-901F-34B2EC1660EA}
		{734D1F66-5E7F-4984-BCF3-9FE849D6A921} = {7CE85A2F-4ECA-4F9B-AEFB-7B94685F2156}
		{E2F16E7A-59B7-4D0F-97CA-01EE9E76F5AA} = {7CE85A2F-4ECA-4F9B-AEFB-7B94685F2156}
		{85760729-F920-4D2C-B100-E5F6C8370795} = {7CE85A2F-4ECA-4F9B-AEFB-7B94685F2156}
		{21A3188B-0CD7-4321-901F-34B2EC1660EA} = {7CE85A2F-4ECA-4F9B-AEFB-7B94685F2156}
	EndGlobalSection
	GlobalSection(ExtensibilityGlobals) = postSolution
		SolutionGuid = {59608774-85F3-4F6C-8617-FFF0F33DF4B1}
	EndGlobalSection
EndGlobal
